
Microsoft Visual Studio Solution File, Format Version 12.00
Project("{FAE04EC0-301F-11D3-BF4B-00C04F79EFBC}") = "MinimalApi", "MinimalApi\MinimalApi.csproj", "{991BC33F-D6C4-4926-85DA-30E8F932A27E}"
EndProject
Project("{2150E333-8FDC-42A3-9474-1A3956D46DE8}") = "Domains", "Domains", "{C9E8156A-A78E-4AF3-A37F-BDF1D885653E}"
EndProject
Project("{FAE04EC0-301F-11D3-BF4B-00C04F79EFBC}") = "Users", "Users\Users.csproj", "{B91D01F1-6EB3-4837-A91E-A2E46572DC0E}"
EndProject
Project("{FAE04EC0-301F-11D3-BF4B-00C04F79EFBC}") = "Weather", "Weather\Weather.csproj", "{EC90D76A-54D6-4683-B15E-36E59DFBEB4D}"
EndProject
Global
	GlobalSection(SolutionConfigurationPlatforms) = preSolution
		Debug|Any CPU = Debug|Any CPU
		Release|Any CPU = Release|Any CPU
	EndGlobalSection
	GlobalSection(ProjectConfigurationPlatforms) = postSolution
		{991BC33F-D6C4-4926-85DA-30E8F932A27E}.Debug|Any CPU.ActiveCfg = Debug|Any CPU
		{991BC33F-D6C4-4926-85DA-30E8F932A27E}.Debug|Any CPU.Build.0 = Debug|Any CPU
		{991BC33F-D6C4-4926-85DA-30E8F932A27E}.Release|Any CPU.ActiveCfg = Release|Any CPU
		{991BC33F-D6C4-4926-85DA-30E8F932A27E}.Release|Any CPU.Build.0 = Release|Any CPU
		{B91D01F1-6EB3-4837-A91E-A2E46572DC0E}.Debug|Any CPU.ActiveCfg = Debug|Any CPU
		{B91D01F1-6EB3-4837-A91E-A2E46572DC0E}.Debug|Any CPU.Build.0 = Debug|Any CPU
		{B91D01F1-6EB3-4837-A91E-A2E46572DC0E}.Release|Any CPU.ActiveCfg = Release|Any CPU
		{B91D01F1-6EB3-4837-A91E-A2E46572DC0E}.Release|Any CPU.Build.0 = Release|Any CPU
		{EC90D76A-54D6-4683-B15E-36E59DFBEB4D}.Debug|Any CPU.ActiveCfg = Debug|Any CPU
		{EC90D76A-54D6-4683-B15E-36E59DFBEB4D}.Debug|Any CPU.Build.0 = Debug|Any CPU
		{EC90D76A-54D6-4683-B15E-36E59DFBEB4D}.Release|Any CPU.ActiveCfg = Release|Any CPU
		{EC90D76A-54D6-4683-B15E-36E59DFBEB4D}.Release|Any CPU.Build.0 = Release|Any CPU
	EndGlobalSection
	GlobalSection(NestedProjects) = preSolution
		{B91D01F1-6EB3-4837-A91E-A2E46572DC0E} = {C9E8156A-A78E-4AF3-A37F-BDF1D885653E}
		{EC90D76A-54D6-4683-B15E-36E59DFBEB4D} = {C9E8156A-A78E-4AF3-A37F-BDF1D885653E}
	EndGlobalSection
EndGlobal
